// !$*UTF8*$!
{
	archiveVersion = 1;
	classes = {
	};
	objectVersion = 50;
	objects = {

/* Begin PBXBuildFile section */
		1E51AD3421C5810B00F47FE5 /* AppDelegate.swift in Sources */ = {isa = PBXBuildFile; fileRef = 1E51AD3321C5810B00F47FE5 /* AppDelegate.swift */; };
		1E51AD3621C5810B00F47FE5 /* MainViewController.swift in Sources */ = {isa = PBXBuildFile; fileRef = 1E51AD3521C5810B00F47FE5 /* MainViewController.swift */; };
		1E51AD3921C5810B00F47FE5 /* Main.storyboard in Resources */ = {isa = PBXBuildFile; fileRef = 1E51AD3721C5810B00F47FE5 /* Main.storyboard */; };
		1E51AD3B21C5810D00F47FE5 /* Assets.xcassets in Resources */ = {isa = PBXBuildFile; fileRef = 1E51AD3A21C5810D00F47FE5 /* Assets.xcassets */; };
		1E51AD3E21C5810D00F47FE5 /* LaunchScreen.storyboard in Resources */ = {isa = PBXBuildFile; fileRef = 1E51AD3C21C5810D00F47FE5 /* LaunchScreen.storyboard */; };
		1E51AD4721C5ABDD00F47FE5 /* DataSource.swift in Sources */ = {isa = PBXBuildFile; fileRef = 1E51AD4621C5ABDD00F47FE5 /* DataSource.swift */; };
		1E51AD4921C5B05500F47FE5 /* Storyboardable.swift in Sources */ = {isa = PBXBuildFile; fileRef = 1E51AD4821C5B05500F47FE5 /* Storyboardable.swift */; };
		1E51AD4E21C5B1D100F47FE5 /* DeleteRowsViewController.storyboard in Resources */ = {isa = PBXBuildFile; fileRef = 1E51AD4D21C5B1D100F47FE5 /* DeleteRowsViewController.storyboard */; };
		1E51AD5121C5BCB000F47FE5 /* DeleteRowsViewController.swift in Sources */ = {isa = PBXBuildFile; fileRef = 1E51AD5021C5BCB000F47FE5 /* DeleteRowsViewController.swift */; };
		1EABBD55222DD41E00AA52BF /* DragAndDropViewController.swift in Sources */ = {isa = PBXBuildFile; fileRef = 1EABBD54222DD41E00AA52BF /* DragAndDropViewController.swift */; };
/* End PBXBuildFile section */

/* Begin PBXFileReference section */
		1E51AD3021C5810B00F47FE5 /* iOSPath.app */ = {isa = PBXFileReference; explicitFileType = wrapper.application; includeInIndex = 0; path = iOSPath.app; sourceTree = BUILT_PRODUCTS_DIR; };
		1E51AD3321C5810B00F47FE5 /* AppDelegate.swift */ = {isa = PBXFileReference; lastKnownFileType = sourcecode.swift; path = AppDelegate.swift; sourceTree = "<group>"; };
		1E51AD3521C5810B00F47FE5 /* MainViewController.swift */ = {isa = PBXFileReference; lastKnownFileType = sourcecode.swift; path = MainViewController.swift; sourceTree = "<group>"; };
		1E51AD3821C5810B00F47FE5 /* Base */ = {isa = PBXFileReference; lastKnownFileType = file.storyboard; name = Base; path = Base.lproj/Main.storyboard; sourceTree = "<group>"; };
		1E51AD3A21C5810D00F47FE5 /* Assets.xcassets */ = {isa = PBXFileReference; lastKnownFileType = folder.assetcatalog; path = Assets.xcassets; sourceTree = "<group>"; };
		1E51AD3D21C5810D00F47FE5 /* Base */ = {isa = PBXFileReference; lastKnownFileType = file.storyboard; name = Base; path = Base.lproj/LaunchScreen.storyboard; sourceTree = "<group>"; };
		1E51AD3F21C5810D00F47FE5 /* Info.plist */ = {isa = PBXFileReference; lastKnownFileType = text.plist.xml; path = Info.plist; sourceTree = "<group>"; };
		1E51AD4621C5ABDD00F47FE5 /* DataSource.swift */ = {isa = PBXFileReference; lastKnownFileType = sourcecode.swift; path = DataSource.swift; sourceTree = "<group>"; };
		1E51AD4821C5B05500F47FE5 /* Storyboardable.swift */ = {isa = PBXFileReference; lastKnownFileType = sourcecode.swift; path = Storyboardable.swift; sourceTree = "<group>"; };
		1E51AD4D21C5B1D100F47FE5 /* DeleteRowsViewController.storyboard */ = {isa = PBXFileReference; lastKnownFileType = file.storyboard; path = DeleteRowsViewController.storyboard; sourceTree = "<group>"; };
		1E51AD5021C5BCB000F47FE5 /* DeleteRowsViewController.swift */ = {isa = PBXFileReference; lastKnownFileType = sourcecode.swift; path = DeleteRowsViewController.swift; sourceTree = "<group>"; };
		1EABBD54222DD41E00AA52BF /* DragAndDropViewController.swift */ = {isa = PBXFileReference; lastKnownFileType = sourcecode.swift; path = DragAndDropViewController.swift; sourceTree = "<group>"; };
/* End PBXFileReference section */

/* Begin PBXFrameworksBuildPhase section */
		1E51AD2D21C5810B00F47FE5 /* Frameworks */ = {
			isa = PBXFrameworksBuildPhase;
			buildActionMask = 2147483647;
			files = (
			);
			runOnlyForDeploymentPostprocessing = 0;
		};
/* End PBXFrameworksBuildPhase section */

/* Begin PBXGroup section */
		1E51AD2721C5810A00F47FE5 = {
			isa = PBXGroup;
			children = (
				1E51AD3221C5810B00F47FE5 /* iOSPath */,
				1E51AD3121C5810B00F47FE5 /* Products */,
			);
			sourceTree = "<group>";
		};
		1E51AD3121C5810B00F47FE5 /* Products */ = {
			isa = PBXGroup;
			children = (
				1E51AD3021C5810B00F47FE5 /* iOSPath.app */,
			);
			name = Products;
			sourceTree = "<group>";
		};
		1E51AD3221C5810B00F47FE5 /* iOSPath */ = {
			isa = PBXGroup;
			children = (
				1E51AD3321C5810B00F47FE5 /* AppDelegate.swift */,
				1E51AD4521C5AB9E00F47FE5 /* MainList */,
				1E51AD4A21C5B15900F47FE5 /* TableView */,
				1E51AD3A21C5810D00F47FE5 /* Assets.xcassets */,
				1E51AD3C21C5810D00F47FE5 /* LaunchScreen.storyboard */,
				1E51AD3F21C5810D00F47FE5 /* Info.plist */,
				1E51AD4821C5B05500F47FE5 /* Storyboardable.swift */,
			);
			path = iOSPath;
			sourceTree = "<group>";
		};
		1E51AD4521C5AB9E00F47FE5 /* MainList */ = {
			isa = PBXGroup;
			children = (
				1E51AD3521C5810B00F47FE5 /* MainViewController.swift */,
				1E51AD3721C5810B00F47FE5 /* Main.storyboard */,
				1E51AD4621C5ABDD00F47FE5 /* DataSource.swift */,
			);
			path = MainList;
			sourceTree = "<group>";
		};
		1E51AD4A21C5B15900F47FE5 /* TableView */ = {
			isa = PBXGroup;
			children = (
				1EABBD53222DD33500AA52BF /* DragAndDrop */,
				1E51AD4F21C5BC8300F47FE5 /* DeleteRows */,
			);
			path = TableView;
			sourceTree = "<group>";
		};
		1E51AD4F21C5BC8300F47FE5 /* DeleteRows */ = {
			isa = PBXGroup;
			children = (
				1E51AD5021C5BCB000F47FE5 /* DeleteRowsViewController.swift */,
				1E51AD4D21C5B1D100F47FE5 /* DeleteRowsViewController.storyboard */,
			);
			path = DeleteRows;
			sourceTree = "<group>";
		};
		1EABBD53222DD33500AA52BF /* DragAndDrop */ = {
			isa = PBXGroup;
			children = (
				1EABBD54222DD41E00AA52BF /* DragAndDropViewController.swift */,
			);
			path = DragAndDrop;
			sourceTree = "<group>";
		};
/* End PBXGroup section */

/* Begin PBXNativeTarget section */
		1E51AD2F21C5810B00F47FE5 /* iOSPath */ = {
			isa = PBXNativeTarget;
			buildConfigurationList = 1E51AD4221C5810D00F47FE5 /* Build configuration list for PBXNativeTarget "iOSPath" */;
			buildPhases = (
				1E51AD2C21C5810B00F47FE5 /* Sources */,
				1E51AD2D21C5810B00F47FE5 /* Frameworks */,
				1E51AD2E21C5810B00F47FE5 /* Resources */,
			);
			buildRules = (
			);
			dependencies = (
			);
			name = iOSPath;
			productName = iOSPath;
			productReference = 1E51AD3021C5810B00F47FE5 /* iOSPath.app */;
			productType = "com.apple.product-type.application";
		};
/* End PBXNativeTarget section */

/* Begin PBXProject section */
		1E51AD2821C5810B00F47FE5 /* Project object */ = {
			isa = PBXProject;
			attributes = {
				LastSwiftUpdateCheck = 1010;
				LastUpgradeCheck = 1010;
				ORGANIZATIONNAME = johann;
				TargetAttributes = {
					1E51AD2F21C5810B00F47FE5 = {
						CreatedOnToolsVersion = 10.1;
					};
				};
			};
			buildConfigurationList = 1E51AD2B21C5810B00F47FE5 /* Build configuration list for PBXProject "iOSPath" */;
			compatibilityVersion = "Xcode 9.3";
			developmentRegion = en;
			hasScannedForEncodings = 0;
			knownRegions = (
				en,
				Base,
			);
			mainGroup = 1E51AD2721C5810A00F47FE5;
			productRefGroup = 1E51AD3121C5810B00F47FE5 /* Products */;
			projectDirPath = "";
			projectRoot = "";
			targets = (
				1E51AD2F21C5810B00F47FE5 /* iOSPath */,
			);
		};
/* End PBXProject section */

/* Begin PBXResourcesBuildPhase section */
		1E51AD2E21C5810B00F47FE5 /* Resources */ = {
			isa = PBXResourcesBuildPhase;
			buildActionMask = 2147483647;
			files = (
				1E51AD3E21C5810D00F47FE5 /* LaunchScreen.storyboard in Resources */,
				1E51AD3B21C5810D00F47FE5 /* Assets.xcassets in Resources */,
				1E51AD3921C5810B00F47FE5 /* Main.storyboard in Resources */,
				1E51AD4E21C5B1D100F47FE5 /* DeleteRowsViewController.storyboard in Resources */,
			);
			runOnlyForDeploymentPostprocessing = 0;
		};
/* End PBXResourcesBuildPhase section */

/* Begin PBXSourcesBuildPhase section */
		1E51AD2C21C5810B00F47FE5 /* Sources */ = {
			isa = PBXSourcesBuildPhase;
			buildActionMask = 2147483647;
			files = (
				1E51AD4921C5B05500F47FE5 /* Storyboardable.swift in Sources */,
				1E51AD5121C5BCB000F47FE5 /* DeleteRowsViewController.swift in Sources */,
				1E51AD4721C5ABDD00F47FE5 /* DataSource.swift in Sources */,
				1EABBD55222DD41E00AA52BF /* DragAndDropViewController.swift in Sources */,
				1E51AD3621C5810B00F47FE5 /* MainViewController.swift in Sources */,
				1E51AD3421C5810B00F47FE5 /* AppDelegate.swift in Sources */,
			);
			runOnlyForDeploymentPostprocessing = 0;
		};
/* End PBXSourcesBuildPhase section */

/* Begin PBXVariantGroup section */
		1E51AD3721C5810B00F47FE5 /* Main.storyboard */ = {
			isa = PBXVariantGroup;
			children = (
				1E51AD3821C5810B00F47FE5 /* Base */,
			);
			name = Main.storyboard;
			sourceTree = "<group>";
		};
		1E51AD3C21C5810D00F47FE5 /* LaunchScreen.storyboard */ = {
			isa = PBXVariantGroup;
			children = (
				1E51AD3D21C5810D00F47FE5 /* Base */,
			);
			name = LaunchScreen.storyboard;
			sourceTree = "<group>";
		};
/* End PBXVariantGroup section */

/* Begin XCBuildConfiguration section */
		1E51AD4021C5810D00F47FE5 /* Debug */ = {
			isa = XCBuildConfiguration;
			buildSettings = {
				ALWAYS_SEARCH_USER_PATHS = NO;
				CLANG_ANALYZER_NONNULL = YES;
				CLANG_ANALYZER_NUMBER_OBJECT_CONVERSION = YES_AGGRESSIVE;
				CLANG_CXX_LANGUAGE_STANDARD = "gnu++14";
				CLANG_CXX_LIBRARY = "libc++";
				CLANG_ENABLE_MODULES = YES;
				CLANG_ENABLE_OBJC_ARC = YES;
				CLANG_ENABLE_OBJC_WEAK = YES;
				CLANG_WARN_BLOCK_CAPTURE_AUTORELEASING = YES;
				CLANG_WARN_BOOL_CONVERSION = YES;
				CLANG_WARN_COMMA = YES;
				CLANG_WARN_CONSTANT_CONVERSION = YES;
				CLANG_WARN_DEPRECATED_OBJC_IMPLEMENTATIONS = YES;
				CLANG_WARN_DIRECT_OBJC_ISA_USAGE = YES_ERROR;
				CLANG_WARN_DOCUMENTATION_COMMENTS = YES;
				CLANG_WARN_EMPTY_BODY = YES;
				CLANG_WARN_ENUM_CONVERSION = YES;
				CLANG_WARN_INFINITE_RECURSION = YES;
				CLANG_WARN_INT_CONVERSION = YES;
				CLANG_WARN_NON_LITERAL_NULL_CONVERSION = YES;
				CLANG_WARN_OBJC_IMPLICIT_RETAIN_SELF = YES;
				CLANG_WARN_OBJC_LITERAL_CONVERSION = YES;
				CLANG_WARN_OBJC_ROOT_CLASS = YES_ERROR;
				CLANG_WARN_RANGE_LOOP_ANALYSIS = YES;
				CLANG_WARN_STRICT_PROTOTYPES = YES;
				CLANG_WARN_SUSPICIOUS_MOVE = YES;
				CLANG_WARN_UNGUARDED_AVAILABILITY = YES_AGGRESSIVE;
				CLANG_WARN_UNREACHABLE_CODE = YES;
				CLANG_WARN__DUPLICATE_METHOD_MATCH = YES;
				CODE_SIGN_IDENTITY = "iPhone Developer";
				COPY_PHASE_STRIP = NO;
				DEBUG_INFORMATION_FORMAT = dwarf;
				ENABLE_STRICT_OBJC_MSGSEND = YES;
				ENABLE_TESTABILITY = YES;
				GCC_C_LANGUAGE_STANDARD = gnu11;
				GCC_DYNAMIC_NO_PIC = NO;
				GCC_NO_COMMON_BLOCKS = YES;
				GCC_OPTIMIZATION_LEVEL = 0;
				GCC_PREPROCESSOR_DEFINITIONS = (
					"DEBUG=1",
					"$(inherited)",
				);
				GCC_WARN_64_TO_32_BIT_CONVERSION = YES;
				GCC_WARN_ABOUT_RETURN_TYPE = YES_ERROR;
				GCC_WARN_UNDECLARED_SELECTOR = YES;
				GCC_WARN_UNINITIALIZED_AUTOS = YES_AGGRESSIVE;
				GCC_WARN_UNUSED_FUNCTION = YES;
				GCC_WARN_UNUSED_VARIABLE = YES;
				IPHONEOS_DEPLOYMENT_TARGET = 12.1;
				MTL_ENABLE_DEBUG_INFO = INCLUDE_SOURCE;
				MTL_FAST_MATH = YES;
				ONLY_ACTIVE_ARCH = YES;
				SDKROOT = iphoneos;
				SWIFT_ACTIVE_COMPILATION_CONDITIONS = DEBUG;
				SWIFT_OPTIMIZATION_LEVEL = "-Onone";
			};
			name = Debug;
		};
		1E51AD4121C5810D00F47FE5 /* Release */ = {
			isa = XCBuildConfiguration;
			buildSettings = {
				ALWAYS_SEARCH_USER_PATHS = NO;
				CLANG_ANALYZER_NONNULL = YES;
				CLANG_ANALYZER_NUMBER_OBJECT_CONVERSION = YES_AGGRESSIVE;
				CLANG_CXX_LANGUAGE_STANDARD = "gnu++14";
				CLANG_CXX_LIBRARY = "libc++";
				CLANG_ENABLE_MODULES = YES;
				CLANG_ENABLE_OBJC_ARC = YES;
				CLANG_ENABLE_OBJC_WEAK = YES;
				CLANG_WARN_BLOCK_CAPTURE_AUTORELEASING = YES;
				CLANG_WARN_BOOL_CONVERSION = YES;
				CLANG_WARN_COMMA = YES;
				CLANG_WARN_CONSTANT_CONVERSION = YES;
				CLANG_WARN_DEPRECATED_OBJC_IMPLEMENTATIONS = YES;
				CLANG_WARN_DIRECT_OBJC_ISA_USAGE = YES_ERROR;
				CLANG_WARN_DOCUMENTATION_COMMENTS = YES;
				CLANG_WARN_EMPTY_BODY = YES;
				CLANG_WARN_ENUM_CONVERSION = YES;
				CLANG_WARN_INFINITE_RECURSION = YES;
				CLANG_WARN_INT_CONVERSION = YES;
				CLANG_WARN_NON_LITERAL_NULL_CONVERSION = YES;
				CLANG_WARN_OBJC_IMPLICIT_RETAIN_SELF = YES;
				CLANG_WARN_OBJC_LITERAL_CONVERSION = YES;
				CLANG_WARN_OBJC_ROOT_CLASS = YES_ERROR;
				CLANG_WARN_RANGE_LOOP_ANALYSIS = YES;
				CLANG_WARN_STRICT_PROTOTYPES = YES;
				CLANG_WARN_SUSPICIOUS_MOVE = YES;
				CLANG_WARN_UNGUARDED_AVAILABILITY = YES_AGGRESSIVE;
				CLANG_WARN_UNREACHABLE_CODE = YES;
				CLANG_WARN__DUPLICATE_METHOD_MATCH = YES;
				CODE_SIGN_IDENTITY = "iPhone Developer";
				COPY_PHASE_STRIP = NO;
				DEBUG_INFORMATION_FORMAT = "dwarf-with-dsym";
				ENABLE_NS_ASSERTIONS = NO;
				ENABLE_STRICT_OBJC_MSGSEND = YES;
				GCC_C_LANGUAGE_STANDARD = gnu11;
				GCC_NO_COMMON_BLOCKS = YES;
				GCC_WARN_64_TO_32_BIT_CONVERSION = YES;
				GCC_WARN_ABOUT_RETURN_TYPE = YES_ERROR;
				GCC_WARN_UNDECLARED_SELECTOR = YES;
				GCC_WARN_UNINITIALIZED_AUTOS = YES_AGGRESSIVE;
				GCC_WARN_UNUSED_FUNCTION = YES;
				GCC_WARN_UNUSED_VARIABLE = YES;
				IPHONEOS_DEPLOYMENT_TARGET = 12.1;
				MTL_ENABLE_DEBUG_INFO = NO;
				MTL_FAST_MATH = YES;
				SDKROOT = iphoneos;
				SWIFT_COMPILATION_MODE = wholemodule;
				SWIFT_OPTIMIZATION_LEVEL = "-O";
				VALIDATE_PRODUCT = YES;
			};
			name = Release;
		};
		1E51AD4321C5810D00F47FE5 /* Debug */ = {
			isa = XCBuildConfiguration;
			buildSettings = {
				ASSETCATALOG_COMPILER_APPICON_NAME = AppIcon;
				CODE_SIGN_STYLE = Automatic;
				INFOPLIST_FILE = iOSPath/Info.plist;
				LD_RUNPATH_SEARCH_PATHS = (
					"$(inherited)",
					"@executable_path/Frameworks",
				);
				PRODUCT_BUNDLE_IDENTIFIER = com.johanncasique.iOSPath;
				PRODUCT_NAME = "$(TARGET_NAME)";
				SWIFT_VERSION = 4.2;
				TARGETED_DEVICE_FAMILY = "1,2";
			};
			name = Debug;
		};
		1E51AD4421C5810D00F47FE5 /* Release */ = {
			isa = XCBuildConfiguration;
			buildSettings = {
				ASSETCATALOG_COMPILER_APPICON_NAME = AppIcon;
				CODE_SIGN_STYLE = Automatic;
				INFOPLIST_FILE = iOSPath/Info.plist;
				LD_RUNPATH_SEARCH_PATHS = (
					"$(inherited)",
					"@executable_path/Frameworks",
				);
				PRODUCT_BUNDLE_IDENTIFIER = com.johanncasique.iOSPath;
				PRODUCT_NAME = "$(TARGET_NAME)";
				SWIFT_VERSION = 4.2;
				TARGETED_DEVICE_FAMILY = "1,2";
			};
			name = Release;
		};
/* End XCBuildConfiguration section */

/* Begin XCConfigurationList section */
		1E51AD2B21C5810B00F47FE5 /* Build configuration list for PBXProject "iOSPath" */ = {
			isa = XCConfigurationList;
			buildConfigurations = (
				1E51AD4021C5810D00F47FE5 /* Debug */,
				1E51AD4121C5810D00F47FE5 /* Release */,
			);
			defaultConfigurationIsVisible = 0;
			defaultConfigurationName = Release;
		};
		1E51AD4221C5810D00F47FE5 /* Build configuration list for PBXNativeTarget "iOSPath" */ = {
			isa = XCConfigurationList;
			buildConfigurations = (
				1E51AD4321C5810D00F47FE5 /* Debug */,
				1E51AD4421C5810D00F47FE5 /* Release */,
			);
			defaultConfigurationIsVisible = 0;
			defaultConfigurationName = Release;
		};
/* End XCConfigurationList section */
	};
	rootObject = 1E51AD2821C5810B00F47FE5 /* Project object */;
}
